
Microsoft Visual Studio Solution File, Format Version 12.00
# Visual Studio Version 17
VisualStudioVersion = 17.5.002.0
MinimumVisualStudioVersion = 10.0.40219.1
Project("{2150E333-8FDC-42A3-9474-1A3956D46DE8}") = "week01", "week01", "{895580B5-C5EE-42E7-AE29-E7D302A52AB1}"
EndProject
Project("{9A19103F-16F7-4668-BE54-9A1E7A4F7556}") = "code", "week01\code\code.csproj", "{ACBA2F42-403A-4A23-A854-44A74BB6F472}"
EndProject
Project("{9A19103F-16F7-4668-BE54-9A1E7A4F7556}") = "analyze", "week01\analyze\analyze.csproj", "{E24C859C-26DC-4A47-8B94-7F46A5984E0D}"
EndProject
Project("{9A19103F-16F7-4668-BE54-9A1E7A4F7556}") = "teach", "week01\teach\teach.csproj", "{4DFEC65E-6BD6-4706-B6CC-91E9BA8E66E8}"
EndProject
Project("{2150E333-8FDC-42A3-9474-1A3956D46DE8}") = "week06", "week06", "{E2E02AE1-9C35-4724-9F1D-6FB640985E5C}"
EndProject
Project("{9A19103F-16F7-4668-BE54-9A1E7A4F7556}") = "code", "week06\code\code.csproj", "{2EFABEEA-0142-47AE-9F64-230F4AD3A497}"
EndProject
Project("{2150E333-8FDC-42A3-9474-1A3956D46DE8}") = "sandbox", "sandbox", "{3D775A56-D079-4DE4-A1CA-AB3D072133E4}"
EndProject
Project("{9A19103F-16F7-4668-BE54-9A1E7A4F7556}") = "sandbox_project", "sandbox\sandbox_project\sandbox_project.csproj", "{38E20865-2717-4103-9045-960DDD82AAB8}"
EndProject
Project("{2150E333-8FDC-42A3-9474-1A3956D46DE8}") = "week05", "week05", "{104C504B-BC3E-43E7-8E25-FA24907B4760}"
EndProject
Project("{9A19103F-16F7-4668-BE54-9A1E7A4F7556}") = "code", "week05\code\code.csproj", "{13A701A9-8130-4241-B5A7-91EDC00DB7A6}"
EndProject
Project("{2150E333-8FDC-42A3-9474-1A3956D46DE8}") = "week02", "week02", "{B07AEBCD-F1EB-4315-9474-AE152D0D515B}"
EndProject
Project("{9A19103F-16F7-4668-BE54-9A1E7A4F7556}") = "learn", "week02\learn\learn.csproj", "{80B19C1B-DE85-4031-A78A-16428C84DDAE}"
EndProject
Project("{9A19103F-16F7-4668-BE54-9A1E7A4F7556}") = "code", "week02\code\code.csproj", "{00F300F0-89D6-447E-A69C-938E95406EC7}"
EndProject
Project("{9A19103F-16F7-4668-BE54-9A1E7A4F7556}") = "analyze", "week02\analyze\analyze.csproj", "{2784BD1A-843E-44B0-8EF3-3658F6ACE234}"
EndProject
Project("{9A19103F-16F7-4668-BE54-9A1E7A4F7556}") = "teach", "week02\teach\teach.csproj", "{D9ADB6E3-D704-48E9-9E38-8B22D5A23173}"
EndProject
Project("{2150E333-8FDC-42A3-9474-1A3956D46DE8}") = "week03", "week03", "{0D2D4701-CDB9-45C8-9509-C8511B9791EF}"
EndProject
Project("{9A19103F-16F7-4668-BE54-9A1E7A4F7556}") = "learn", "week03\learn\learn.csproj", "{E7FE79C7-5CA6-4C9C-923B-1B78563FECBE}"
EndProject
Project("{9A19103F-16F7-4668-BE54-9A1E7A4F7556}") = "code", "week03\code\code.csproj", "{20AAEC09-415E-4F41-B4E7-D66C3B126E2F}"
EndProject
Project("{9A19103F-16F7-4668-BE54-9A1E7A4F7556}") = "teach", "week03\teach\teach.csproj", "{AE421ACE-F24C-483E-8180-2057E1CB4E33}"
EndProject
Project("{2150E333-8FDC-42A3-9474-1A3956D46DE8}") = "week04", "week04", "{E9F892B5-5968-4297-A1E5-D32A6322EF55}"
EndProject
Project("{9A19103F-16F7-4668-BE54-9A1E7A4F7556}") = "code", "week04\code\code.csproj", "{66F9A9BF-F2B0-4465-AFC0-2578F4747E26}"
EndProject
Global
	GlobalSection(SolutionConfigurationPlatforms) = preSolution
		Debug|Any CPU = Debug|Any CPU
		Release|Any CPU = Release|Any CPU
	EndGlobalSection
	GlobalSection(ProjectConfigurationPlatforms) = postSolution
		{ACBA2F42-403A-4A23-A854-44A74BB6F472}.Debug|Any CPU.ActiveCfg = Debug|Any CPU
		{ACBA2F42-403A-4A23-A854-44A74BB6F472}.Debug|Any CPU.Build.0 = Debug|Any CPU
		{ACBA2F42-403A-4A23-A854-44A74BB6F472}.Release|Any CPU.ActiveCfg = Release|Any CPU
		{ACBA2F42-403A-4A23-A854-44A74BB6F472}.Release|Any CPU.Build.0 = Release|Any CPU
		{E24C859C-26DC-4A47-8B94-7F46A5984E0D}.Debug|Any CPU.ActiveCfg = Debug|Any CPU
		{E24C859C-26DC-4A47-8B94-7F46A5984E0D}.Debug|Any CPU.Build.0 = Debug|Any CPU
		{E24C859C-26DC-4A47-8B94-7F46A5984E0D}.Release|Any CPU.ActiveCfg = Release|Any CPU
		{E24C859C-26DC-4A47-8B94-7F46A5984E0D}.Release|Any CPU.Build.0 = Release|Any CPU
		{4DFEC65E-6BD6-4706-B6CC-91E9BA8E66E8}.Debug|Any CPU.ActiveCfg = Debug|Any CPU
		{4DFEC65E-6BD6-4706-B6CC-91E9BA8E66E8}.Debug|Any CPU.Build.0 = Debug|Any CPU
		{4DFEC65E-6BD6-4706-B6CC-91E9BA8E66E8}.Release|Any CPU.ActiveCfg = Release|Any CPU
		{4DFEC65E-6BD6-4706-B6CC-91E9BA8E66E8}.Release|Any CPU.Build.0 = Release|Any CPU
		{2EFABEEA-0142-47AE-9F64-230F4AD3A497}.Debug|Any CPU.ActiveCfg = Debug|Any CPU
		{2EFABEEA-0142-47AE-9F64-230F4AD3A497}.Debug|Any CPU.Build.0 = Debug|Any CPU
		{2EFABEEA-0142-47AE-9F64-230F4AD3A497}.Release|Any CPU.ActiveCfg = Release|Any CPU
		{2EFABEEA-0142-47AE-9F64-230F4AD3A497}.Release|Any CPU.Build.0 = Release|Any CPU
		{38E20865-2717-4103-9045-960DDD82AAB8}.Debug|Any CPU.ActiveCfg = Debug|Any CPU
		{38E20865-2717-4103-9045-960DDD82AAB8}.Debug|Any CPU.Build.0 = Debug|Any CPU
		{38E20865-2717-4103-9045-960DDD82AAB8}.Release|Any CPU.ActiveCfg = Release|Any CPU
		{38E20865-2717-4103-9045-960DDD82AAB8}.Release|Any CPU.Build.0 = Release|Any CPU
		{13A701A9-8130-4241-B5A7-91EDC00DB7A6}.Debug|Any CPU.ActiveCfg = Debug|Any CPU
		{13A701A9-8130-4241-B5A7-91EDC00DB7A6}.Debug|Any CPU.Build.0 = Debug|Any CPU
		{13A701A9-8130-4241-B5A7-91EDC00DB7A6}.Release|Any CPU.ActiveCfg = Release|Any CPU
		{13A701A9-8130-4241-B5A7-91EDC00DB7A6}.Release|Any CPU.Build.0 = Release|Any CPU
		{80B19C1B-DE85-4031-A78A-16428C84DDAE}.Debug|Any CPU.ActiveCfg = Debug|Any CPU
		{80B19C1B-DE85-4031-A78A-16428C84DDAE}.Debug|Any CPU.Build.0 = Debug|Any CPU
		{80B19C1B-DE85-4031-A78A-16428C84DDAE}.Release|Any CPU.ActiveCfg = Release|Any CPU
		{80B19C1B-DE85-4031-A78A-16428C84DDAE}.Release|Any CPU.Build.0 = Release|Any CPU
		{00F300F0-89D6-447E-A69C-938E95406EC7}.Debug|Any CPU.ActiveCfg = Debug|Any CPU
		{00F300F0-89D6-447E-A69C-938E95406EC7}.Debug|Any CPU.Build.0 = Debug|Any CPU
		{00F300F0-89D6-447E-A69C-938E95406EC7}.Release|Any CPU.ActiveCfg = Release|Any CPU
		{00F300F0-89D6-447E-A69C-938E95406EC7}.Release|Any CPU.Build.0 = Release|Any CPU
		{2784BD1A-843E-44B0-8EF3-3658F6ACE234}.Debug|Any CPU.ActiveCfg = Debug|Any CPU
		{2784BD1A-843E-44B0-8EF3-3658F6ACE234}.Debug|Any CPU.Build.0 = Debug|Any CPU
		{2784BD1A-843E-44B0-8EF3-3658F6ACE234}.Release|Any CPU.ActiveCfg = Release|Any CPU
		{2784BD1A-843E-44B0-8EF3-3658F6ACE234}.Release|Any CPU.Build.0 = Release|Any CPU
		{D9ADB6E3-D704-48E9-9E38-8B22D5A23173}.Debug|Any CPU.ActiveCfg = Debug|Any CPU
		{D9ADB6E3-D704-48E9-9E38-8B22D5A23173}.Debug|Any CPU.Build.0 = Debug|Any CPU
		{D9ADB6E3-D704-48E9-9E38-8B22D5A23173}.Release|Any CPU.ActiveCfg = Release|Any CPU
		{D9ADB6E3-D704-48E9-9E38-8B22D5A23173}.Release|Any CPU.Build.0 = Release|Any CPU
		{E7FE79C7-5CA6-4C9C-923B-1B78563FECBE}.Debug|Any CPU.ActiveCfg = Debug|Any CPU
		{E7FE79C7-5CA6-4C9C-923B-1B78563FECBE}.Debug|Any CPU.Build.0 = Debug|Any CPU
		{E7FE79C7-5CA6-4C9C-923B-1B78563FECBE}.Release|Any CPU.ActiveCfg = Release|Any CPU
		{E7FE79C7-5CA6-4C9C-923B-1B78563FECBE}.Release|Any CPU.Build.0 = Release|Any CPU
		{20AAEC09-415E-4F41-B4E7-D66C3B126E2F}.Debug|Any CPU.ActiveCfg = Debug|Any CPU
		{20AAEC09-415E-4F41-B4E7-D66C3B126E2F}.Debug|Any CPU.Build.0 = Debug|Any CPU
		{20AAEC09-415E-4F41-B4E7-D66C3B126E2F}.Release|Any CPU.ActiveCfg = Release|Any CPU
		{20AAEC09-415E-4F41-B4E7-D66C3B126E2F}.Release|Any CPU.Build.0 = Release|Any CPU
		{AE421ACE-F24C-483E-8180-2057E1CB4E33}.Debug|Any CPU.ActiveCfg = Debug|Any CPU
		{AE421ACE-F24C-483E-8180-2057E1CB4E33}.Debug|Any CPU.Build.0 = Debug|Any CPU
		{AE421ACE-F24C-483E-8180-2057E1CB4E33}.Release|Any CPU.ActiveCfg = Release|Any CPU
		{AE421ACE-F24C-483E-8180-2057E1CB4E33}.Release|Any CPU.Build.0 = Release|Any CPU
		{66F9A9BF-F2B0-4465-AFC0-2578F4747E26}.Debug|Any CPU.ActiveCfg = Debug|Any CPU
		{66F9A9BF-F2B0-4465-AFC0-2578F4747E26}.Debug|Any CPU.Build.0 = Debug|Any CPU
		{66F9A9BF-F2B0-4465-AFC0-2578F4747E26}.Release|Any CPU.ActiveCfg = Release|Any CPU
		{66F9A9BF-F2B0-4465-AFC0-2578F4747E26}.Release|Any CPU.Build.0 = Release|Any CPU
	EndGlobalSection
	GlobalSection(SolutionProperties) = preSolution
		HideSolutionNode = FALSE
	EndGlobalSection
	GlobalSection(NestedProjects) = preSolution
		{ACBA2F42-403A-4A23-A854-44A74BB6F472} = {895580B5-C5EE-42E7-AE29-E7D302A52AB1}
		{E24C859C-26DC-4A47-8B94-7F46A5984E0D} = {895580B5-C5EE-42E7-AE29-E7D302A52AB1}
		{4DFEC65E-6BD6-4706-B6CC-91E9BA8E66E8} = {895580B5-C5EE-42E7-AE29-E7D302A52AB1}
		{2EFABEEA-0142-47AE-9F64-230F4AD3A497} = {E2E02AE1-9C35-4724-9F1D-6FB640985E5C}
		{38E20865-2717-4103-9045-960DDD82AAB8} = {3D775A56-D079-4DE4-A1CA-AB3D072133E4}
		{13A701A9-8130-4241-B5A7-91EDC00DB7A6} = {104C504B-BC3E-43E7-8E25-FA24907B4760}
		{80B19C1B-DE85-4031-A78A-16428C84DDAE} = {B07AEBCD-F1EB-4315-9474-AE152D0D515B}
		{00F300F0-89D6-447E-A69C-938E95406EC7} = {B07AEBCD-F1EB-4315-9474-AE152D0D515B}
		{2784BD1A-843E-44B0-8EF3-3658F6ACE234} = {B07AEBCD-F1EB-4315-9474-AE152D0D515B}
		{D9ADB6E3-D704-48E9-9E38-8B22D5A23173} = {B07AEBCD-F1EB-4315-9474-AE152D0D515B}
		{E7FE79C7-5CA6-4C9C-923B-1B78563FECBE} = {0D2D4701-CDB9-45C8-9509-C8511B9791EF}
		{20AAEC09-415E-4F41-B4E7-D66C3B126E2F} = {0D2D4701-CDB9-45C8-9509-C8511B9791EF}
		{AE421ACE-F24C-483E-8180-2057E1CB4E33} = {0D2D4701-CDB9-45C8-9509-C8511B9791EF}
		{66F9A9BF-F2B0-4465-AFC0-2578F4747E26} = {E9F892B5-5968-4297-A1E5-D32A6322EF55}
	EndGlobalSection
	GlobalSection(ExtensibilityGlobals) = postSolution
		SolutionGuid = {B92A6FB6-BF85-4A4D-800B-3AA237ECB6F5}
	EndGlobalSection
EndGlobal
